
Microsoft Visual Studio Solution File, Format Version 12.00
# Visual Studio 15
VisualStudioVersion = 15.0.27130.2024
MinimumVisualStudioVersion = 10.0.40219.1
Project("{2150E333-8FDC-42A3-9474-1A3956D46DE8}") = "Tests", "Tests", "{DECBF381-C5FF-4535-98C9-B678295474DA}"
EndProject
Project("{9A19103F-16F7-4668-BE54-9A1E7A4F7556}") = "RyanPenfold.BusinessBase.Infrastructure", "RyanPenfold.BusinessBase.Infrastructure\RyanPenfold.BusinessBase.Infrastructure.csproj", "{B3680E64-CC3E-43B6-9878-30F031413CAA}"
EndProject
Project("{9A19103F-16F7-4668-BE54-9A1E7A4F7556}") = "RyanPenfold.BusinessBase.Infrastructure.Tests.Unit", "RyanPenfold.BusinessBase.Infrastructure.Tests.Unit\RyanPenfold.BusinessBase.Infrastructure.Tests.Unit.csproj", "{849CADC3-15A9-4FD0-A01E-F27BB22A721D}"
EndProject
Global
	GlobalSection(SolutionConfigurationPlatforms) = preSolution
		Debug|Any CPU = Debug|Any CPU
		Release|Any CPU = Release|Any CPU
	EndGlobalSection
	GlobalSection(ProjectConfigurationPlatforms) = postSolution
		{B3680E64-CC3E-43B6-9878-30F031413CAA}.Debug|Any CPU.ActiveCfg = Debug|Any CPU
		{B3680E64-CC3E-43B6-9878-30F031413CAA}.Debug|Any CPU.Build.0 = Debug|Any CPU
		{B3680E64-CC3E-43B6-9878-30F031413CAA}.Release|Any CPU.ActiveCfg = Release|Any CPU
		{B3680E64-CC3E-43B6-9878-30F031413CAA}.Release|Any CPU.Build.0 = Release|Any CPU
		{849CADC3-15A9-4FD0-A01E-F27BB22A721D}.Debug|Any CPU.ActiveCfg = Debug|Any CPU
		{849CADC3-15A9-4FD0-A01E-F27BB22A721D}.Debug|Any CPU.Build.0 = Debug|Any CPU
		{849CADC3-15A9-4FD0-A01E-F27BB22A721D}.Release|Any CPU.ActiveCfg = Release|Any CPU
		{849CADC3-15A9-4FD0-A01E-F27BB22A721D}.Release|Any CPU.Build.0 = Release|Any CPU
	EndGlobalSection
	GlobalSection(SolutionProperties) = preSolution
		HideSolutionNode = FALSE
	EndGlobalSection
	GlobalSection(NestedProjects) = preSolution
		{849CADC3-15A9-4FD0-A01E-F27BB22A721D} = {DECBF381-C5FF-4535-98C9-B678295474DA}
	EndGlobalSection
	GlobalSection(ExtensibilityGlobals) = postSolution
		SolutionGuid = {A80B7E77-17B0-424C-8D11-960D9E5D043E}
	EndGlobalSection
	GlobalSection(TeamFoundationVersionControl) = preSolution
		SccNumberOfProjects = 3
		SccEnterpriseProvider = {4CA58AB2-18FA-4F8D-95D4-32DDF27D184C}
		SccTeamFoundationServer = https://ryanpenfold.visualstudio.com/
		SccLocalPath0 = .
		SccProjectUniqueName1 = RyanPenfold.BusinessBase.Infrastructure\\RyanPenfold.BusinessBase.Infrastructure.csproj
		SccProjectName1 = ../../RyanPenfold.BusinessBase.Infrastructure/netcoreapp2.0/RyanPenfold.BusinessBase.Infrastructure
		SccLocalPath1 = RyanPenfold.BusinessBase.Infrastructure
		SccProjectUniqueName2 = RyanPenfold.BusinessBase.Infrastructure.Tests.Unit\\RyanPenfold.BusinessBase.Infrastructure.Tests.Unit.csproj
		SccProjectTopLevelParentUniqueName2 = RyanPenfold.BusinessBase.Infrastructure.sln
		SccProjectName2 = ../../RyanPenfold.BusinessBase.Infrastructure/netcoreapp2.0/RyanPenfold.BusinessBase.Infrastructure.Tests.Unit
		SccLocalPath2 = RyanPenfold.BusinessBase.Infrastructure.Tests.Unit
	EndGlobalSection
EndGlobal
