
Microsoft Visual Studio Solution File, Format Version 12.00
# Visual Studio 15
VisualStudioVersion = 15.0.28307.421
MinimumVisualStudioVersion = 10.0.40219.1
Project("{FAE04EC0-301F-11D3-BF4B-00C04F79EFBC}") = "RyanPenfold.BusinessBase.Infrastructure", "RyanPenfold.BusinessBase.Infrastructure\RyanPenfold.BusinessBase.Infrastructure.csproj", "{70F668A6-C1B2-4099-BADB-39029F86DFB9}"
EndProject
Project("{2150E333-8FDC-42A3-9474-1A3956D46DE8}") = "Tests", "Tests", "{B2DD083F-8DCA-43F3-BCF0-9F7D3777B7CD}"
EndProject
Project("{FAE04EC0-301F-11D3-BF4B-00C04F79EFBC}") = "RyanPenfold.BusinessBase.Infrastructure.Tests.Unit", "RyanPenfold.BusinessBase.Infrastructure.Tests.Unit\RyanPenfold.BusinessBase.Infrastructure.Tests.Unit.csproj", "{5FEA400D-CBC7-4266-AA21-9E470B418068}"
EndProject
Global
	GlobalSection(SolutionConfigurationPlatforms) = preSolution
		Debug|Any CPU = Debug|Any CPU
		Release|Any CPU = Release|Any CPU
	EndGlobalSection
	GlobalSection(ProjectConfigurationPlatforms) = postSolution
		{70F668A6-C1B2-4099-BADB-39029F86DFB9}.Debug|Any CPU.ActiveCfg = Debug|Any CPU
		{70F668A6-C1B2-4099-BADB-39029F86DFB9}.Debug|Any CPU.Build.0 = Debug|Any CPU
		{70F668A6-C1B2-4099-BADB-39029F86DFB9}.Release|Any CPU.ActiveCfg = Release|Any CPU
		{70F668A6-C1B2-4099-BADB-39029F86DFB9}.Release|Any CPU.Build.0 = Release|Any CPU
		{5FEA400D-CBC7-4266-AA21-9E470B418068}.Debug|Any CPU.ActiveCfg = Debug|Any CPU
		{5FEA400D-CBC7-4266-AA21-9E470B418068}.Debug|Any CPU.Build.0 = Debug|Any CPU
		{5FEA400D-CBC7-4266-AA21-9E470B418068}.Release|Any CPU.ActiveCfg = Release|Any CPU
		{5FEA400D-CBC7-4266-AA21-9E470B418068}.Release|Any CPU.Build.0 = Release|Any CPU
	EndGlobalSection
	GlobalSection(SolutionProperties) = preSolution
		HideSolutionNode = FALSE
	EndGlobalSection
	GlobalSection(NestedProjects) = preSolution
		{5FEA400D-CBC7-4266-AA21-9E470B418068} = {B2DD083F-8DCA-43F3-BCF0-9F7D3777B7CD}
	EndGlobalSection
	GlobalSection(ExtensibilityGlobals) = postSolution
		SolutionGuid = {C7C7099D-7031-4B10-A31E-56D980F49C2B}
	EndGlobalSection
	GlobalSection(TeamFoundationVersionControl) = preSolution
		SccNumberOfProjects = 3
		SccEnterpriseProvider = {4CA58AB2-18FA-4F8D-95D4-32DDF27D184C}
		SccTeamFoundationServer = https://ryanpenfold.visualstudio.com/
		SccLocalPath0 = .
		SccProjectUniqueName1 = RyanPenfold.BusinessBase.Infrastructure\\RyanPenfold.BusinessBase.Infrastructure.csproj
		SccProjectName1 = RyanPenfold.BusinessBase.Infrastructure
		SccLocalPath1 = RyanPenfold.BusinessBase.Infrastructure
		SccProjectUniqueName2 = RyanPenfold.BusinessBase.Infrastructure.Tests.Unit\\RyanPenfold.BusinessBase.Infrastructure.Tests.Unit.csproj
		SccProjectTopLevelParentUniqueName2 = RyanPenfold.BusinessBase.Infrastructure.sln
		SccProjectName2 = RyanPenfold.BusinessBase.Infrastructure.Tests.Unit
		SccLocalPath2 = RyanPenfold.BusinessBase.Infrastructure.Tests.Unit
	EndGlobalSection
EndGlobal
